
Microsoft Visual Studio Solution File, Format Version 12.00
# Visual Studio Version 16
VisualStudioVersion = 16.0.30717.126
MinimumVisualStudioVersion = 10.0.40219.1
Project("{FAE04EC0-301F-11D3-BF4B-00C04F79EFBC}") = "ToDoAPI", "ToDoAPI.csproj", "{FE13A785-89B2-4113-93A0-1972A9B68AF7}"
EndProject
Global
	GlobalSection(SolutionConfigurationPlatforms) = preSolution
		Debug|Any CPU = Debug|Any CPU
		Release|Any CPU = Release|Any CPU
	EndGlobalSection
	GlobalSection(ProjectConfigurationPlatforms) = postSolution
		{FE13A785-89B2-4113-93A0-1972A9B68AF7}.Debug|Any CPU.ActiveCfg = Debug|Any CPU
		{FE13A785-89B2-4113-93A0-1972A9B68AF7}.Debug|Any CPU.Build.0 = Debug|Any CPU
		{FE13A785-89B2-4113-93A0-1972A9B68AF7}.Release|Any CPU.ActiveCfg = Release|Any CPU
		{FE13A785-89B2-4113-93A0-1972A9B68AF7}.Release|Any CPU.Build.0 = Release|Any CPU
	EndGlobalSection
	GlobalSection(SolutionProperties) = preSolution
		HideSolutionNode = FALSE
	EndGlobalSection
	GlobalSection(ExtensibilityGlobals) = postSolution
		SolutionGuid = {EF9520AA-1BA4-4712-A421-11BF53091F45}
	EndGlobalSection
EndGlobal
